
Microsoft Visual Studio Solution File, Format Version 11.00
# Visual Studio 2010
Project("{FAE04EC0-301F-11D3-BF4B-00C04F79EFBC}") = "Wpf", "Wpf\Wpf.csproj", "{489B740B-65B4-4C71-A358-32D1B67DAD76}"
EndProject
Global
	GlobalSection(SolutionConfigurationPlatforms) = preSolution
		Debug|x86 = Debug|x86
		Release|x86 = Release|x86
	EndGlobalSection
	GlobalSection(ProjectConfigurationPlatforms) = postSolution
		{489B740B-65B4-4C71-A358-32D1B67DAD76}.Debug|x86.ActiveCfg = Debug|x86
		{489B740B-65B4-4C71-A358-32D1B67DAD76}.Debug|x86.Build.0 = Debug|x86
		{489B740B-65B4-4C71-A358-32D1B67DAD76}.Release|x86.ActiveCfg = Release|x86
		{489B740B-65B4-4C71-A358-32D1B67DAD76}.Release|x86.Build.0 = Release|x86
	EndGlobalSection
	GlobalSection(SolutionProperties) = preSolution
		HideSolutionNode = FALSE
	EndGlobalSection
EndGlobal
